
Microsoft Visual Studio Solution File, Format Version 12.00
# Visual Studio Version 17
VisualStudioVersion = 17.0.31903.59
MinimumVisualStudioVersion = 10.0.40219.1
Project("{FAE04EC0-301F-11D3-BF4B-00C04F79EFBC}") = "Homer", "Homer\Homer.csproj", "{92572B84-2F42-4A51-84D3-25255BE2332E}"
EndProject
Project("{FAE04EC0-301F-11D3-BF4B-00C04F79EFBC}") = "HomerTest", "HomerTest\HomerTest.csproj", "{55CBDDD8-5B34-4D30-900C-C0E446ED25D6}"
EndProject
Global
	GlobalSection(SolutionConfigurationPlatforms) = preSolution
		Debug|Any CPU = Debug|Any CPU
		Release|Any CPU = Release|Any CPU
	EndGlobalSection
	GlobalSection(ProjectConfigurationPlatforms) = postSolution
		{92572B84-2F42-4A51-84D3-25255BE2332E}.Debug|Any CPU.ActiveCfg = Debug|Any CPU
		{92572B84-2F42-4A51-84D3-25255BE2332E}.Debug|Any CPU.Build.0 = Debug|Any CPU
		{92572B84-2F42-4A51-84D3-25255BE2332E}.Release|Any CPU.ActiveCfg = Release|Any CPU
		{92572B84-2F42-4A51-84D3-25255BE2332E}.Release|Any CPU.Build.0 = Release|Any CPU
		{55CBDDD8-5B34-4D30-900C-C0E446ED25D6}.Debug|Any CPU.ActiveCfg = Debug|Any CPU
		{55CBDDD8-5B34-4D30-900C-C0E446ED25D6}.Debug|Any CPU.Build.0 = Debug|Any CPU
		{55CBDDD8-5B34-4D30-900C-C0E446ED25D6}.Release|Any CPU.ActiveCfg = Release|Any CPU
		{55CBDDD8-5B34-4D30-900C-C0E446ED25D6}.Release|Any CPU.Build.0 = Release|Any CPU
	EndGlobalSection
	GlobalSection(SolutionProperties) = preSolution
		HideSolutionNode = FALSE
	EndGlobalSection
EndGlobal
